<?xml version="1.0" encoding="utf-8"?>
<Project ToolsVersion="4.0" xmlns="http://schemas.microsoft.com/developer/msbuild/2003">
  <ItemGroup>
    <Filter Include="Source Files">
      <UniqueIdentifier>{4FC737F1-C7A5-4376-A066-2A32D752A2FF}</UniqueIdentifier>
      <Extensions>cpp;c;cc;cxx;def;odl;idl;hpj;bat;asm;asmx</Extensions>
    </Filter>
    <Filter Include="Header Files">
      <UniqueIdentifier>{93995380-89BD-4b04-88EB-625FBE52EBFB}</UniqueIdentifier>
      <Extensions>h;hh;hpp;hxx;hm;inl;inc;xsd</Extensions>
    </Filter>
    <Filter Include="Resource Files">
      <UniqueIdentifier>{67DA6AB6-F800-4c08-8B7A-83BB121AAD01}</UniqueIdentifier>
      <Extensions>rc;ico;cur;bmp;dlg;rc2;rct;bin;rgs;gif;jpg;jpeg;jpe;resx;tiff;tif;png;wav;mfcribbon-ms</Extensions>
    </Filter>
    <Filter Include="TestFiles">
      <UniqueIdentifier>{9613191f-fba7-4b4e-bab7-f7b202f38c1f}</UniqueIdentifier>
    </Filter>
  </ItemGroup>
  <ItemGroup>
    <ClInclude Include="stdafx.h">
      <Filter>Header Files</Filter>
    </ClInclude>
    <ClInclude Include="targetver.h">
      <Filter>Header Files</Filter>
    </ClInclude>
  </ItemGroup>
  <ItemGroup>
    <ClCompile Include="stdafx.cpp">
      <Filter>Source Files</Filter>
    </ClCompile>
    <ClCompile Include="GraphTest.cpp">
      <Filter>Source Files</Filter>
    </ClCompile>
    <ClCompile Include="ShortestPathTest.cpp">
      <Filter>Source Files</Filter>
    </ClCompile>
    <ClCompile Include="LoadSTLFileTest.cpp">
      <Filter>Source Files</Filter>
    </ClCompile>
    <ClCompile Include="OptimizeTriangleData.cpp">
      <Filter>Source Files</Filter>
    </ClCompile>
  </ItemGroup>
  <ItemGroup>
    <None Include="TestFiles\TestLoad.stl">
      <Filter>TestFiles</Filter>
    </None>
    <None Include="TestFiles\TestLoad_EmptyFile.stl">
      <Filter>TestFiles</Filter>
    </None>
    <None Include="TestFiles\TestLoad_InvalidEndfacetAttribute.stl">
      <Filter>TestFiles</Filter>
    </None>
    <None Include="TestFiles\TestLoad_InvalidEndloopAttribute.stl">
      <Filter>TestFiles</Filter>
    </None>
    <None Include="TestFiles\TestLoad_InvalidFacetAttribute.stl">
      <Filter>TestFiles</Filter>
    </None>
    <None Include="TestFiles\TestLoad_InvalidNormalFormat.stl">
      <Filter>TestFiles</Filter>
    </None>
    <None Include="TestFiles\TestLoad_InvalidOuterAttribute.stl">
      <Filter>TestFiles</Filter>
    </None>
    <None Include="TestFiles\TestLoad_InvalidSolidAttribute.stl">
      <Filter>TestFiles</Filter>
    </None>
    <None Include="TestFiles\TestLoad_InvalidVertexFormat.stl">
      <Filter>TestFiles</Filter>
    </None>
    <None Include="TestFiles\TestLoad_InvaludEndsolidAttribute.stl">
      <Filter>TestFiles</Filter>
    </None>
    <None Include="TestFiles\TestLoad_MissingNormal.stl">
      <Filter>TestFiles</Filter>
    </None>
    <None Include="TestFiles\TestLoad_MissingNormalCoord.stl">
      <Filter>TestFiles</Filter>
    </None>
    <None Include="TestFiles\TestLoad_MissingVertex.stl">
      <Filter>TestFiles</Filter>
    </None>
    <None Include="TestFiles\TestLoad_MissingVertexCoord.stl">
      <Filter>TestFiles</Filter>
    </None>
  </ItemGroup>
</Project>