
Microsoft Visual Studio Solution File, Format Version 12.00
# Visual Studio Version 16
VisualStudioVersion = 16.0.28621.142
MinimumVisualStudioVersion = 10.0.40219.1
Project("{FAE04EC0-301F-11D3-BF4B-00C04F79EFBC}") = "Task5", "Task5\Task5.csproj", "{E9A7A18E-4895-4D11-9DC1-8A428F2C53F2}"
EndProject
Project("{FAE04EC0-301F-11D3-BF4B-00C04F79EFBC}") = "Task5.Data", "Task5.Data\Task5.Data.csproj", "{7E021B2B-0F77-487C-B45E-ECAA9501A0AD}"
EndProject
Project("{FAE04EC0-301F-11D3-BF4B-00C04F79EFBC}") = "Task5.WebAPI", "Task5.WebAPI\Task5.WebAPI.csproj", "{31872CCA-8CC8-4376-B207-E769F4F9E0AA}"
EndProject
Project("{2150E333-8FDC-42A3-9474-1A3956D46DE8}") = "SQL", "SQL", "{EEE4AF0F-81F8-432D-AD40-33BAE76B6B53}"
	ProjectSection(SolutionItems) = preProject
		InstallDB.sql = InstallDB.sql
	EndProjectSection
EndProject
Global
	GlobalSection(SolutionConfigurationPlatforms) = preSolution
		Debug|Any CPU = Debug|Any CPU
		Release|Any CPU = Release|Any CPU
	EndGlobalSection
	GlobalSection(ProjectConfigurationPlatforms) = postSolution
		{E9A7A18E-4895-4D11-9DC1-8A428F2C53F2}.Debug|Any CPU.ActiveCfg = Debug|Any CPU
		{E9A7A18E-4895-4D11-9DC1-8A428F2C53F2}.Debug|Any CPU.Build.0 = Debug|Any CPU
		{E9A7A18E-4895-4D11-9DC1-8A428F2C53F2}.Release|Any CPU.ActiveCfg = Release|Any CPU
		{E9A7A18E-4895-4D11-9DC1-8A428F2C53F2}.Release|Any CPU.Build.0 = Release|Any CPU
		{7E021B2B-0F77-487C-B45E-ECAA9501A0AD}.Debug|Any CPU.ActiveCfg = Debug|Any CPU
		{7E021B2B-0F77-487C-B45E-ECAA9501A0AD}.Debug|Any CPU.Build.0 = Debug|Any CPU
		{7E021B2B-0F77-487C-B45E-ECAA9501A0AD}.Release|Any CPU.ActiveCfg = Release|Any CPU
		{7E021B2B-0F77-487C-B45E-ECAA9501A0AD}.Release|Any CPU.Build.0 = Release|Any CPU
		{31872CCA-8CC8-4376-B207-E769F4F9E0AA}.Debug|Any CPU.ActiveCfg = Debug|Any CPU
		{31872CCA-8CC8-4376-B207-E769F4F9E0AA}.Debug|Any CPU.Build.0 = Debug|Any CPU
		{31872CCA-8CC8-4376-B207-E769F4F9E0AA}.Release|Any CPU.ActiveCfg = Release|Any CPU
		{31872CCA-8CC8-4376-B207-E769F4F9E0AA}.Release|Any CPU.Build.0 = Release|Any CPU
		{00EC93F8-B973-45BA-BC27-5EF75C658F8A}.Debug|Any CPU.ActiveCfg = Debug|Any CPU
		{00EC93F8-B973-45BA-BC27-5EF75C658F8A}.Debug|Any CPU.Build.0 = Debug|Any CPU
		{00EC93F8-B973-45BA-BC27-5EF75C658F8A}.Release|Any CPU.ActiveCfg = Release|Any CPU
		{00EC93F8-B973-45BA-BC27-5EF75C658F8A}.Release|Any CPU.Build.0 = Release|Any CPU
	EndGlobalSection
	GlobalSection(SolutionProperties) = preSolution
		HideSolutionNode = FALSE
	EndGlobalSection
	GlobalSection(ExtensibilityGlobals) = postSolution
		SolutionGuid = {B2D4D1AD-F954-4B62-83C9-B9E7EB4BF673}
	EndGlobalSection
EndGlobal
