<?xml version="1.0" encoding="utf-8"?>
<Project ToolsVersion="4.0" xmlns="http://schemas.microsoft.com/developer/msbuild/2003">
  <ItemGroup>
    <Filter Include="Source Files">
      <UniqueIdentifier>{4FC737F1-C7A5-4376-A066-2A32D752A2FF}</UniqueIdentifier>
      <Extensions>cpp;c;cc;cxx;def;odl;idl;hpj;bat;asm;asmx</Extensions>
    </Filter>
    <Filter Include="Header Files">
      <UniqueIdentifier>{93995380-89BD-4b04-88EB-625FBE52EBFB}</UniqueIdentifier>
      <Extensions>h;hh;hpp;hxx;hm;inl;inc;ipp;xsd</Extensions>
    </Filter>
    <Filter Include="Resource Files">
      <UniqueIdentifier>{67DA6AB6-F800-4c08-8B7A-83BB121AAD01}</UniqueIdentifier>
      <Extensions>rc;ico;cur;bmp;dlg;rc2;rct;bin;rgs;gif;jpg;jpeg;jpe;resx;tiff;tif;png;wav;mfcribbon-ms</Extensions>
    </Filter>
  </ItemGroup>
  <ItemGroup>
    <ClInclude Include="pch.h">
      <Filter>Header Files</Filter>
    </ClInclude>
    <ClInclude Include="Common.h">
      <Filter>Header Files</Filter>
    </ClInclude>
    <ClInclude Include="Config.h">
      <Filter>Header Files</Filter>
    </ClInclude>
    <ClInclude Include="PositionComponent.h">
      <Filter>Header Files</Filter>
    </ClInclude>
    <ClInclude Include="ScoreComponent.h">
      <Filter>Header Files</Filter>
    </ClInclude>
    <ClInclude Include="PuckRenderer.h">
      <Filter>Header Files</Filter>
    </ClInclude>
    <ClInclude Include="GameObject.h">
      <Filter>Header Files</Filter>
    </ClInclude>
    <ClInclude Include="PlayerStrikerRenderer.h">
      <Filter>Header Files</Filter>
    </ClInclude>
    <ClInclude Include="EnemyStrikerRenderer.h">
      <Filter>Header Files</Filter>
    </ClInclude>
    <ClInclude Include="Component.h">
      <Filter>Header Files</Filter>
    </ClInclude>
    <ClInclude Include="RenderComponent.h">
      <Filter>Header Files</Filter>
    </ClInclude>
    <ClInclude Include="VelocityComponent.h">
      <Filter>Header Files</Filter>
    </ClInclude>
    <ClInclude Include="GameState.h">
      <Filter>Header Files</Filter>
    </ClInclude>
    <ClInclude Include="PlayGameState.h">
      <Filter>Header Files</Filter>
    </ClInclude>
    <ClInclude Include="AirHockey.h">
      <Filter>Header Files</Filter>
    </ClInclude>
    <ClInclude Include="ResourceManager.h">
      <Filter>Header Files</Filter>
    </ClInclude>
    <ClInclude Include="EnemyStrikerMovement.h">
      <Filter>Header Files</Filter>
    </ClInclude>
    <ClInclude Include="PlayerStrikerMovement.h">
      <Filter>Header Files</Filter>
    </ClInclude>
    <ClInclude Include="PuckMovement.h">
      <Filter>Header Files</Filter>
    </ClInclude>
    <ClInclude Include="PhysicsComponent.h">
      <Filter>Header Files</Filter>
    </ClInclude>
    <ClInclude Include="StrikerPhysics.h">
      <Filter>Header Files</Filter>
    </ClInclude>
    <ClInclude Include="PuckPhysics.h">
      <Filter>Header Files</Filter>
    </ClInclude>
    <ClInclude Include="Helpers.h">
      <Filter>Header Files</Filter>
    </ClInclude>
    <ClInclude Include="AIComponent.h">
      <Filter>Header Files</Filter>
    </ClInclude>
    <ClInclude Include="GoalLogic.h">
      <Filter>Header Files</Filter>
    </ClInclude>
    <ClInclude Include="GoalRenderer.h">
      <Filter>Header Files</Filter>
    </ClInclude>
    <ClInclude Include="GoalPhysics.h">
      <Filter>Header Files</Filter>
    </ClInclude>
    <ClInclude Include="ScoreUIRenderer.h">
      <Filter>Header Files</Filter>
    </ClInclude>
    <ClInclude Include="ScoreUILogic.h">
      <Filter>Header Files</Filter>
    </ClInclude>
    <ClInclude Include="TimerUILogic.h">
      <Filter>Header Files</Filter>
    </ClInclude>
    <ClInclude Include="TimerUIRenderer.h">
      <Filter>Header Files</Filter>
    </ClInclude>
    <ClInclude Include="BoxComponent.h">
      <Filter>Header Files</Filter>
    </ClInclude>
    <ClInclude Include="EventCenter.h">
      <Filter>Header Files</Filter>
    </ClInclude>
    <ClInclude Include="EndMenuState.h">
      <Filter>Header Files</Filter>
    </ClInclude>
    <ClInclude Include="ScoreUIData.h">
      <Filter>Header Files</Filter>
    </ClInclude>
    <ClInclude Include="TimerUIData.h">
      <Filter>Header Files</Filter>
    </ClInclude>
    <ClInclude Include="RadiusComponent.h">
      <Filter>Header Files</Filter>
    </ClInclude>
    <ClInclude Include="StartMenuState.h">
      <Filter>Header Files</Filter>
    </ClInclude>
    <ClInclude Include="Math.h">
      <Filter>Header Files</Filter>
    </ClInclude>
  </ItemGroup>
  <ItemGroup>
    <ClCompile Include="pch.cpp">
      <Filter>Source Files</Filter>
    </ClCompile>
    <ClCompile Include="Main.cpp">
      <Filter>Source Files</Filter>
    </ClCompile>
    <ClCompile Include="ScoreComponent.cpp">
      <Filter>Source Files</Filter>
    </ClCompile>
    <ClCompile Include="PositionComponent.cpp">
      <Filter>Source Files</Filter>
    </ClCompile>
    <ClCompile Include="PuckRenderer.cpp">
      <Filter>Source Files</Filter>
    </ClCompile>
    <ClCompile Include="GameObject.cpp">
      <Filter>Source Files</Filter>
    </ClCompile>
    <ClCompile Include="PlayerStrikerRenderer.cpp">
      <Filter>Source Files</Filter>
    </ClCompile>
    <ClCompile Include="EnemyStrikerRenderer.cpp">
      <Filter>Source Files</Filter>
    </ClCompile>
    <ClCompile Include="VelocityComponent.cpp">
      <Filter>Source Files</Filter>
    </ClCompile>
    <ClCompile Include="PlayGameState.cpp">
      <Filter>Source Files</Filter>
    </ClCompile>
    <ClCompile Include="AirHockey.cpp">
      <Filter>Source Files</Filter>
    </ClCompile>
    <ClCompile Include="ResourceManager.cpp">
      <Filter>Source Files</Filter>
    </ClCompile>
    <ClCompile Include="EnemyStrikerMovement.cpp">
      <Filter>Source Files</Filter>
    </ClCompile>
    <ClCompile Include="PlayerStrikerMovement.cpp">
      <Filter>Source Files</Filter>
    </ClCompile>
    <ClCompile Include="PuckMovement.cpp">
      <Filter>Source Files</Filter>
    </ClCompile>
    <ClCompile Include="StrikerPhysics.cpp">
      <Filter>Source Files</Filter>
    </ClCompile>
    <ClCompile Include="PuckPhysics.cpp">
      <Filter>Source Files</Filter>
    </ClCompile>
    <ClCompile Include="Helpers.cpp">
      <Filter>Source Files</Filter>
    </ClCompile>
    <ClCompile Include="GoalRenderer.cpp">
      <Filter>Source Files</Filter>
    </ClCompile>
    <ClCompile Include="GoalPhysics.cpp">
      <Filter>Source Files</Filter>
    </ClCompile>
    <ClCompile Include="ScoreUIRenderer.cpp">
      <Filter>Source Files</Filter>
    </ClCompile>
    <ClCompile Include="ScoreUILogic.cpp">
      <Filter>Source Files</Filter>
    </ClCompile>
    <ClCompile Include="TimerUILogic.cpp">
      <Filter>Source Files</Filter>
    </ClCompile>
    <ClCompile Include="TimerUIRenderer.cpp">
      <Filter>Source Files</Filter>
    </ClCompile>
    <ClCompile Include="BoxComponent.cpp">
      <Filter>Source Files</Filter>
    </ClCompile>
    <ClCompile Include="EventCenter.cpp">
      <Filter>Source Files</Filter>
    </ClCompile>
    <ClCompile Include="EndMenuState.cpp">
      <Filter>Source Files</Filter>
    </ClCompile>
    <ClCompile Include="ScoreUIData.cpp">
      <Filter>Source Files</Filter>
    </ClCompile>
    <ClCompile Include="TimeUIData.cpp">
      <Filter>Source Files</Filter>
    </ClCompile>
    <ClCompile Include="RadiusComponent.cpp">
      <Filter>Source Files</Filter>
    </ClCompile>
    <ClCompile Include="StartMenuState.cpp">
      <Filter>Source Files</Filter>
    </ClCompile>
    <ClCompile Include="GoalLogic.cpp">
      <Filter>Source Files</Filter>
    </ClCompile>
    <ClCompile Include="Math.cpp">
      <Filter>Source Files</Filter>
    </ClCompile>
  </ItemGroup>
  <ItemGroup>
    <Image Include="Resources\Images\enemy.jpg">
      <Filter>Resource Files</Filter>
    </Image>
    <Image Include="Resources\Images\player.jpg">
      <Filter>Resource Files</Filter>
    </Image>
    <Image Include="Resources\Images\puck.jpg">
      <Filter>Resource Files</Filter>
    </Image>
    <Image Include="Resources\player.bmp">
      <Filter>Resource Files</Filter>
    </Image>
  </ItemGroup>
</Project>