<?xml version="1.0" encoding="utf-8"?>
<Project ToolsVersion="4.0" xmlns="http://schemas.microsoft.com/developer/msbuild/2003">
  <ItemGroup>
    <Filter Include="Source Files">
      <UniqueIdentifier>{4FC737F1-C7A5-4376-A066-2A32D752A2FF}</UniqueIdentifier>
      <Extensions>cpp;c;cc;cxx;def;odl;idl;hpj;bat;asm;asmx</Extensions>
    </Filter>
    <Filter Include="Header Files">
      <UniqueIdentifier>{93995380-89BD-4b04-88EB-625FBE52EBFB}</UniqueIdentifier>
      <Extensions>h;hh;hpp;hxx;hm;inl;inc;xsd</Extensions>
    </Filter>
    <Filter Include="Resource Files">
      <UniqueIdentifier>{67DA6AB6-F800-4c08-8B7A-83BB121AAD01}</UniqueIdentifier>
      <Extensions>rc;ico;cur;bmp;dlg;rc2;rct;bin;rgs;gif;jpg;jpeg;jpe;resx;tiff;tif;png;wav;mfcribbon-ms</Extensions>
    </Filter>
    <Filter Include="Shaders">
      <UniqueIdentifier>{e8f33842-11c1-406c-963d-357d2f4aaa97}</UniqueIdentifier>
    </Filter>
    <Filter Include="Header Files\AI">
      <UniqueIdentifier>{8cd6c598-dbe9-4163-b156-fbc1582b5d3d}</UniqueIdentifier>
    </Filter>
    <Filter Include="Header Files\GameEntities">
      <UniqueIdentifier>{a047c698-a119-438a-b4e5-52fee13d3073}</UniqueIdentifier>
    </Filter>
    <Filter Include="Header Files\GameStates">
      <UniqueIdentifier>{efaa6f05-2212-4a95-9269-189f6062e95b}</UniqueIdentifier>
    </Filter>
    <Filter Include="Header Files\Core">
      <UniqueIdentifier>{0275ae29-8783-46a3-acb1-321d0131ce0a}</UniqueIdentifier>
    </Filter>
    <Filter Include="Header Files\Externals">
      <UniqueIdentifier>{db8f3e70-86b1-465a-bacb-1858c92f3fb2}</UniqueIdentifier>
    </Filter>
    <Filter Include="Header Files\Math">
      <UniqueIdentifier>{90b571e8-29e6-467e-a271-4585a46baa17}</UniqueIdentifier>
    </Filter>
    <Filter Include="Header Files\PathFinding">
      <UniqueIdentifier>{e0a90266-ef09-4594-a8ea-adac006854be}</UniqueIdentifier>
    </Filter>
    <Filter Include="Header Files\Render">
      <UniqueIdentifier>{b3513623-f740-4ad3-983c-9ff4d026bb41}</UniqueIdentifier>
    </Filter>
    <Filter Include="Source Files\GameStates">
      <UniqueIdentifier>{26ca8034-5720-41ac-9323-cb766218f192}</UniqueIdentifier>
    </Filter>
    <Filter Include="Source Files\Math">
      <UniqueIdentifier>{827b4f16-ff3c-4012-9837-15ebbe6d77ad}</UniqueIdentifier>
    </Filter>
    <Filter Include="Source Files\GameEntities">
      <UniqueIdentifier>{e67504a9-dddc-4991-bba2-5d6f97071d2a}</UniqueIdentifier>
    </Filter>
    <Filter Include="Source Files\Core">
      <UniqueIdentifier>{387f7aa4-f340-4556-a079-122862cf3f2a}</UniqueIdentifier>
    </Filter>
    <Filter Include="Source Files\PathFinding">
      <UniqueIdentifier>{e8f45d9e-299e-4f98-b7d1-9150027d8b66}</UniqueIdentifier>
    </Filter>
    <Filter Include="Source Files\Render">
      <UniqueIdentifier>{0815560e-1e8c-4c43-bbfc-7331943c00ab}</UniqueIdentifier>
    </Filter>
    <Filter Include="Header Files\EntityStates">
      <UniqueIdentifier>{abebb8ac-3eff-4a66-96ac-8ae0dc44d58d}</UniqueIdentifier>
    </Filter>
    <Filter Include="Source Files\EntityStates">
      <UniqueIdentifier>{e2834d4e-6bf6-4c55-99ba-c3ca422cb87e}</UniqueIdentifier>
    </Filter>
    <Filter Include="Header Files\CollisionDetection">
      <UniqueIdentifier>{ed8c3e12-db82-48e9-9ee8-2e7f6b972ba6}</UniqueIdentifier>
    </Filter>
    <Filter Include="Source Files\CollisionDetection">
      <UniqueIdentifier>{f8d6347d-4674-4082-9ca4-441e0fb5f5d2}</UniqueIdentifier>
    </Filter>
    <Filter Include="Source Files\AI">
      <UniqueIdentifier>{1c8c4917-02a9-4838-8d20-12a4d198e502}</UniqueIdentifier>
    </Filter>
    <Filter Include="Source Files\Externals">
      <UniqueIdentifier>{49c4b9df-88ba-43d7-b5ac-f64c7a8db11b}</UniqueIdentifier>
    </Filter>
  </ItemGroup>
  <ItemGroup>
    <ClCompile Include="PacManGame.cpp">
      <Filter>Source Files</Filter>
    </ClCompile>
    <ClCompile Include="Main.cpp">
      <Filter>Source Files</Filter>
    </ClCompile>
    <ClCompile Include="AI\ChaseGoal.cpp">
      <Filter>Source Files\AI</Filter>
    </ClCompile>
    <ClCompile Include="AI\RunAwayGoal.cpp">
      <Filter>Source Files\AI</Filter>
    </ClCompile>
    <ClCompile Include="AI\SmartAI.cpp">
      <Filter>Source Files\AI</Filter>
    </ClCompile>
    <ClCompile Include="CollisionDetection\CollisionDetector.cpp">
      <Filter>Source Files\CollisionDetection</Filter>
    </ClCompile>
    <ClCompile Include="Core\Window.cpp">
      <Filter>Source Files\Core</Filter>
    </ClCompile>
    <ClCompile Include="Core\MessageCenter.cpp">
      <Filter>Source Files\Core</Filter>
    </ClCompile>
    <ClCompile Include="Core\LevelMap.cpp">
      <Filter>Source Files\Core</Filter>
    </ClCompile>
    <ClCompile Include="EntityStates\EntityStateMachine.cpp">
      <Filter>Source Files\EntityStates</Filter>
    </ClCompile>
    <ClCompile Include="EntityStates\FollowPathState.cpp">
      <Filter>Source Files\EntityStates</Filter>
    </ClCompile>
    <ClCompile Include="EntityStates\MoveState.cpp">
      <Filter>Source Files\EntityStates</Filter>
    </ClCompile>
    <ClCompile Include="Externals\DDSTextureLoader.cpp">
      <Filter>Source Files\Externals</Filter>
    </ClCompile>
    <ClCompile Include="GameEntities\BaseEntity.cpp">
      <Filter>Source Files\GameEntities</Filter>
    </ClCompile>
    <ClCompile Include="GameEntities\EntityManager.cpp">
      <Filter>Source Files\GameEntities</Filter>
    </ClCompile>
    <ClCompile Include="GameEntities\Ghost.cpp">
      <Filter>Source Files\GameEntities</Filter>
    </ClCompile>
    <ClCompile Include="GameEntities\MovingEntity.cpp">
      <Filter>Source Files\GameEntities</Filter>
    </ClCompile>
    <ClCompile Include="GameEntities\PacMan.cpp">
      <Filter>Source Files\GameEntities</Filter>
    </ClCompile>
    <ClCompile Include="GameEntities\PillPoint.cpp">
      <Filter>Source Files\GameEntities</Filter>
    </ClCompile>
    <ClCompile Include="GameEntities\PowerUp.cpp">
      <Filter>Source Files\GameEntities</Filter>
    </ClCompile>
    <ClCompile Include="GameStates\EndMenuState.cpp">
      <Filter>Source Files\GameStates</Filter>
    </ClCompile>
    <ClCompile Include="GameStates\PlayGameState.cpp">
      <Filter>Source Files\GameStates</Filter>
    </ClCompile>
    <ClCompile Include="GameStates\StartMenuState.cpp">
      <Filter>Source Files\GameStates</Filter>
    </ClCompile>
    <ClCompile Include="GameEntities\Teleport.cpp">
      <Filter>Source Files\GameEntities</Filter>
    </ClCompile>
    <ClCompile Include="GameEntities\StaticEntity.cpp">
      <Filter>Source Files\GameEntities</Filter>
    </ClCompile>
    <ClCompile Include="Math\Matrix4f.cpp">
      <Filter>Source Files\Math</Filter>
    </ClCompile>
    <ClCompile Include="Math\Transform.cpp">
      <Filter>Source Files\Math</Filter>
    </ClCompile>
    <ClCompile Include="Math\Vector2f.cpp">
      <Filter>Source Files\Math</Filter>
    </ClCompile>
    <ClCompile Include="Math\Vector3f.cpp">
      <Filter>Source Files\Math</Filter>
    </ClCompile>
    <ClCompile Include="Math\Vector4f.cpp">
      <Filter>Source Files\Math</Filter>
    </ClCompile>
    <ClCompile Include="PathFinding\NavigationGraph.cpp">
      <Filter>Source Files\PathFinding</Filter>
    </ClCompile>
    <ClCompile Include="PathFinding\Path.cpp">
      <Filter>Source Files\PathFinding</Filter>
    </ClCompile>
    <ClCompile Include="PathFinding\PathFinder.cpp">
      <Filter>Source Files\PathFinding</Filter>
    </ClCompile>
    <ClCompile Include="Render\GameRenderer.cpp">
      <Filter>Source Files\Render</Filter>
    </ClCompile>
    <ClCompile Include="Render\RenderSystem.cpp">
      <Filter>Source Files\Render</Filter>
    </ClCompile>
  </ItemGroup>
  <ItemGroup>
    <ClInclude Include="PacManGame.h">
      <Filter>Header Files</Filter>
    </ClInclude>
    <ClInclude Include="AI\AIGoal.h">
      <Filter>Header Files\AI</Filter>
    </ClInclude>
    <ClInclude Include="AI\ChaseGoal.h">
      <Filter>Header Files\AI</Filter>
    </ClInclude>
    <ClInclude Include="AI\GhostAI.h">
      <Filter>Header Files\AI</Filter>
    </ClInclude>
    <ClInclude Include="AI\RunAwayGoal.h">
      <Filter>Header Files\AI</Filter>
    </ClInclude>
    <ClInclude Include="AI\SmartAI.h">
      <Filter>Header Files\AI</Filter>
    </ClInclude>
    <ClInclude Include="CollisionDetection\CollisionDetector.h">
      <Filter>Header Files\CollisionDetection</Filter>
    </ClInclude>
    <ClInclude Include="Core\Color.h">
      <Filter>Header Files\Core</Filter>
    </ClInclude>
    <ClInclude Include="Core\Config.h">
      <Filter>Header Files\Core</Filter>
    </ClInclude>
    <ClInclude Include="Core\LevelMap.h">
      <Filter>Header Files\Core</Filter>
    </ClInclude>
    <ClInclude Include="Core\MessageCenter.h">
      <Filter>Header Files\Core</Filter>
    </ClInclude>
    <ClInclude Include="Core\Window.h">
      <Filter>Header Files\Core</Filter>
    </ClInclude>
    <ClInclude Include="EntityStates\EntityState.h">
      <Filter>Header Files\EntityStates</Filter>
    </ClInclude>
    <ClInclude Include="EntityStates\EntityStateMachine.h">
      <Filter>Header Files\EntityStates</Filter>
    </ClInclude>
    <ClInclude Include="EntityStates\FollowPathState.h">
      <Filter>Header Files\EntityStates</Filter>
    </ClInclude>
    <ClInclude Include="EntityStates\IdleState.h">
      <Filter>Header Files\EntityStates</Filter>
    </ClInclude>
    <ClInclude Include="EntityStates\MoveState.h">
      <Filter>Header Files\EntityStates</Filter>
    </ClInclude>
    <ClInclude Include="Externals\dds.h">
      <Filter>Header Files\Externals</Filter>
    </ClInclude>
    <ClInclude Include="Externals\DDSTextureLoader.h">
      <Filter>Header Files\Externals</Filter>
    </ClInclude>
    <ClInclude Include="Externals\DirectXHelpers.h">
      <Filter>Header Files\Externals</Filter>
    </ClInclude>
    <ClInclude Include="Externals\LoaderHelpers.h">
      <Filter>Header Files\Externals</Filter>
    </ClInclude>
    <ClInclude Include="Externals\PlatformHelpers.h">
      <Filter>Header Files\Externals</Filter>
    </ClInclude>
    <ClInclude Include="GameEntities\BaseEntity.h">
      <Filter>Header Files\GameEntities</Filter>
    </ClInclude>
    <ClInclude Include="GameEntities\EntityManager.h">
      <Filter>Header Files\GameEntities</Filter>
    </ClInclude>
    <ClInclude Include="GameEntities\Ghost.h">
      <Filter>Header Files\GameEntities</Filter>
    </ClInclude>
    <ClInclude Include="GameEntities\MovingEntity.h">
      <Filter>Header Files\GameEntities</Filter>
    </ClInclude>
    <ClInclude Include="GameEntities\PacMan.h">
      <Filter>Header Files\GameEntities</Filter>
    </ClInclude>
    <ClInclude Include="GameEntities\PillPoint.h">
      <Filter>Header Files\GameEntities</Filter>
    </ClInclude>
    <ClInclude Include="GameEntities\PowerUp.h">
      <Filter>Header Files\GameEntities</Filter>
    </ClInclude>
    <ClInclude Include="GameEntities\Trigger.h">
      <Filter>Header Files\GameEntities</Filter>
    </ClInclude>
    <ClInclude Include="GameStates\EndMenuState.h">
      <Filter>Header Files\GameStates</Filter>
    </ClInclude>
    <ClInclude Include="GameStates\GameState.h">
      <Filter>Header Files\GameStates</Filter>
    </ClInclude>
    <ClInclude Include="GameStates\PlayGameState.h">
      <Filter>Header Files\GameStates</Filter>
    </ClInclude>
    <ClInclude Include="GameStates\StartMenuState.h">
      <Filter>Header Files\GameStates</Filter>
    </ClInclude>
    <ClInclude Include="GameEntities\StaticEntity.h">
      <Filter>Header Files\GameEntities</Filter>
    </ClInclude>
    <ClInclude Include="GameEntities\Teleport.h">
      <Filter>Header Files\GameEntities</Filter>
    </ClInclude>
    <ClInclude Include="Math\Math.h">
      <Filter>Header Files\Math</Filter>
    </ClInclude>
    <ClInclude Include="Math\Matrix4f.h">
      <Filter>Header Files\Math</Filter>
    </ClInclude>
    <ClInclude Include="Math\Transform.h">
      <Filter>Header Files\Math</Filter>
    </ClInclude>
    <ClInclude Include="Math\Vector2f.h">
      <Filter>Header Files\Math</Filter>
    </ClInclude>
    <ClInclude Include="Math\Vector3f.h">
      <Filter>Header Files\Math</Filter>
    </ClInclude>
    <ClInclude Include="Math\Vector4f.h">
      <Filter>Header Files\Math</Filter>
    </ClInclude>
    <ClInclude Include="PathFinding\NavigationGraph.h">
      <Filter>Header Files\PathFinding</Filter>
    </ClInclude>
    <ClInclude Include="PathFinding\Path.h">
      <Filter>Header Files\PathFinding</Filter>
    </ClInclude>
    <ClInclude Include="PathFinding\PathFinder.h">
      <Filter>Header Files\PathFinding</Filter>
    </ClInclude>
    <ClInclude Include="Render\GameRenderer.h">
      <Filter>Header Files\Render</Filter>
    </ClInclude>
    <ClInclude Include="Render\RenderSystem.h">
      <Filter>Header Files\Render</Filter>
    </ClInclude>
  </ItemGroup>
  <ItemGroup>
    <None Include="Shaders\RenderDynamicUnitPS.hlsl">
      <Filter>Shaders</Filter>
    </None>
    <None Include="Shaders\RenderDynamicUnitVS.hlsl">
      <Filter>Shaders</Filter>
    </None>
    <None Include="Shaders\RenderStaticUnitPS.hlsl">
      <Filter>Shaders</Filter>
    </None>
    <None Include="Shaders\RenderStaticUnitVS.hlsl">
      <Filter>Shaders</Filter>
    </None>
    <None Include="Shaders\RenderTriggerPS.hlsl">
      <Filter>Shaders</Filter>
    </None>
    <None Include="Shaders\RenderTriggerVS.hlsl">
      <Filter>Shaders</Filter>
    </None>
  </ItemGroup>
</Project>