
Microsoft Visual Studio Solution File, Format Version 12.00
# Visual Studio 15
VisualStudioVersion = 15.0.28307.539
MinimumVisualStudioVersion = 10.0.40219.1
Project("{8BC9CEB8-8B4A-11D0-8D11-00A0C91BC942}") = "AirHockey", "AirHockey.vcxproj", "{7F95A7F1-7995-4F06-8BCD-28DB07C0B82A}"
EndProject
Global
	GlobalSection(SolutionConfigurationPlatforms) = preSolution
		Debug|x64 = Debug|x64
		Debug|x86 = Debug|x86
		Release|x64 = Release|x64
		Release|x86 = Release|x86
	EndGlobalSection
	GlobalSection(ProjectConfigurationPlatforms) = postSolution
		{7F95A7F1-7995-4F06-8BCD-28DB07C0B82A}.Debug|x64.ActiveCfg = Debug|x64
		{7F95A7F1-7995-4F06-8BCD-28DB07C0B82A}.Debug|x64.Build.0 = Debug|x64
		{7F95A7F1-7995-4F06-8BCD-28DB07C0B82A}.Debug|x86.ActiveCfg = Debug|Win32
		{7F95A7F1-7995-4F06-8BCD-28DB07C0B82A}.Debug|x86.Build.0 = Debug|Win32
		{7F95A7F1-7995-4F06-8BCD-28DB07C0B82A}.Release|x64.ActiveCfg = Release|x64
		{7F95A7F1-7995-4F06-8BCD-28DB07C0B82A}.Release|x64.Build.0 = Release|x64
		{7F95A7F1-7995-4F06-8BCD-28DB07C0B82A}.Release|x86.ActiveCfg = Release|Win32
		{7F95A7F1-7995-4F06-8BCD-28DB07C0B82A}.Release|x86.Build.0 = Release|Win32
	EndGlobalSection
	GlobalSection(SolutionProperties) = preSolution
		HideSolutionNode = FALSE
	EndGlobalSection
	GlobalSection(ExtensibilityGlobals) = postSolution
		SolutionGuid = {CD9358EC-FD12-40EE-AECD-6BC0695D8AE1}
	EndGlobalSection
EndGlobal
