
Microsoft Visual Studio Solution File, Format Version 12.00
# Visual Studio 15
VisualStudioVersion = 15.0.28307.539
MinimumVisualStudioVersion = 10.0.40219.1
Project("{FAE04EC0-301F-11D3-BF4B-00C04F79EFBC}") = "TicketSalePointData", "TicketSalePointData\TicketSalePointData.csproj", "{F3F71A9E-CF7D-4049-9971-8BEE0ECFB815}"
EndProject
Project("{FAE04EC0-301F-11D3-BF4B-00C04F79EFBC}") = "TicketSalePointWebAPI", "TicketSalePointWebAPI\TicketSalePointWebAPI.csproj", "{0DFF5B34-45C5-49DB-9FD2-1D7BD775ABBA}"
EndProject
Global
	GlobalSection(SolutionConfigurationPlatforms) = preSolution
		Debug|Any CPU = Debug|Any CPU
		Release|Any CPU = Release|Any CPU
	EndGlobalSection
	GlobalSection(ProjectConfigurationPlatforms) = postSolution
		{F3F71A9E-CF7D-4049-9971-8BEE0ECFB815}.Debug|Any CPU.ActiveCfg = Debug|Any CPU
		{F3F71A9E-CF7D-4049-9971-8BEE0ECFB815}.Debug|Any CPU.Build.0 = Debug|Any CPU
		{F3F71A9E-CF7D-4049-9971-8BEE0ECFB815}.Release|Any CPU.ActiveCfg = Release|Any CPU
		{F3F71A9E-CF7D-4049-9971-8BEE0ECFB815}.Release|Any CPU.Build.0 = Release|Any CPU
		{0DFF5B34-45C5-49DB-9FD2-1D7BD775ABBA}.Debug|Any CPU.ActiveCfg = Debug|Any CPU
		{0DFF5B34-45C5-49DB-9FD2-1D7BD775ABBA}.Debug|Any CPU.Build.0 = Debug|Any CPU
		{0DFF5B34-45C5-49DB-9FD2-1D7BD775ABBA}.Release|Any CPU.ActiveCfg = Release|Any CPU
		{0DFF5B34-45C5-49DB-9FD2-1D7BD775ABBA}.Release|Any CPU.Build.0 = Release|Any CPU
	EndGlobalSection
	GlobalSection(SolutionProperties) = preSolution
		HideSolutionNode = FALSE
	EndGlobalSection
	GlobalSection(ExtensibilityGlobals) = postSolution
		SolutionGuid = {B60E30F4-4DE5-4360-8E3B-9C6AD8D2CF7F}
	EndGlobalSection
EndGlobal
