
Microsoft Visual Studio Solution File, Format Version 12.00
# Visual Studio 15
VisualStudioVersion = 15.0.28307.539
MinimumVisualStudioVersion = 10.0.40219.1
Project("{9A19103F-16F7-4668-BE54-9A1E7A4F7556}") = "TicketSalePointWebApi", "TicketSalePointWebApi\TicketSalePointWebApi.csproj", "{FADB24B5-0B8D-4442-824F-DB4BBF35EFE8}"
EndProject
Project("{FAE04EC0-301F-11D3-BF4B-00C04F79EFBC}") = "TicketSalePointData", "TicketSalePointDate\TicketSalePointData.csproj", "{F41684AB-E5B7-44CC-9AC1-28400CC53174}"
EndProject
Global
	GlobalSection(SolutionConfigurationPlatforms) = preSolution
		Debug|Any CPU = Debug|Any CPU
		Release|Any CPU = Release|Any CPU
	EndGlobalSection
	GlobalSection(ProjectConfigurationPlatforms) = postSolution
		{FADB24B5-0B8D-4442-824F-DB4BBF35EFE8}.Debug|Any CPU.ActiveCfg = Debug|Any CPU
		{FADB24B5-0B8D-4442-824F-DB4BBF35EFE8}.Debug|Any CPU.Build.0 = Debug|Any CPU
		{FADB24B5-0B8D-4442-824F-DB4BBF35EFE8}.Release|Any CPU.ActiveCfg = Release|Any CPU
		{FADB24B5-0B8D-4442-824F-DB4BBF35EFE8}.Release|Any CPU.Build.0 = Release|Any CPU
		{F41684AB-E5B7-44CC-9AC1-28400CC53174}.Debug|Any CPU.ActiveCfg = Debug|Any CPU
		{F41684AB-E5B7-44CC-9AC1-28400CC53174}.Debug|Any CPU.Build.0 = Debug|Any CPU
		{F41684AB-E5B7-44CC-9AC1-28400CC53174}.Release|Any CPU.ActiveCfg = Release|Any CPU
		{F41684AB-E5B7-44CC-9AC1-28400CC53174}.Release|Any CPU.Build.0 = Release|Any CPU
	EndGlobalSection
	GlobalSection(SolutionProperties) = preSolution
		HideSolutionNode = FALSE
	EndGlobalSection
	GlobalSection(ExtensibilityGlobals) = postSolution
		SolutionGuid = {D167A00C-8348-466A-8A3F-9BB1F1AE7F7E}
	EndGlobalSection
EndGlobal
